// !$*UTF8*$!
{
	archiveVersion = 1;
	classes = {
	};
	objectVersion = 55;
	objects = {

/* Begin PBXBuildFile section */
		D30EF9D128AF1414005C1358 /* PhoneticsAudioLoader.swift in Sources */ = {isa = PBXBuildFile; fileRef = D30EF9D028AF1414005C1358 /* PhoneticsAudioLoader.swift */; };
		D30EF9D928AF2128005C1358 /* WordCell.swift in Sources */ = {isa = PBXBuildFile; fileRef = D30EF9D828AF2128005C1358 /* WordCell.swift */; };
		D3226B232898B0F100DA964A /* AppDelegate.swift in Sources */ = {isa = PBXBuildFile; fileRef = D3226B222898B0F100DA964A /* AppDelegate.swift */; };
		D3226B252898B0F100DA964A /* SceneDelegate.swift in Sources */ = {isa = PBXBuildFile; fileRef = D3226B242898B0F100DA964A /* SceneDelegate.swift */; };
		D3226B272898B0F100DA964A /* WordListViewController.swift in Sources */ = {isa = PBXBuildFile; fileRef = D3226B262898B0F100DA964A /* WordListViewController.swift */; };
		D3226B2C2898B0F300DA964A /* Assets.xcassets in Resources */ = {isa = PBXBuildFile; fileRef = D3226B2B2898B0F300DA964A /* Assets.xcassets */; };
		D3226B2F2898B0F300DA964A /* LaunchScreen.storyboard in Resources */ = {isa = PBXBuildFile; fileRef = D3226B2D2898B0F300DA964A /* LaunchScreen.storyboard */; };
		D3226B372898B16D00DA964A /* Word.swift in Sources */ = {isa = PBXBuildFile; fileRef = D3226B362898B16D00DA964A /* Word.swift */; };
		D3226B3D2898B44600DA964A /* UIViewController+ShowError.swift in Sources */ = {isa = PBXBuildFile; fileRef = D3226B3C2898B44600DA964A /* UIViewController+ShowError.swift */; };
		D3226B3F2898B73600DA964A /* WordsLoader.swift in Sources */ = {isa = PBXBuildFile; fileRef = D3226B3E2898B73600DA964A /* WordsLoader.swift */; };
		D32CCA632909AE97000292FB /* WordListDataSource.swift in Sources */ = {isa = PBXBuildFile; fileRef = D32CCA622909AE97000292FB /* WordListDataSource.swift */; };
		D3401CB528FB62590044DB49 /* Word+Example.swift in Sources */ = {isa = PBXBuildFile; fileRef = D3401CB428FB62590044DB49 /* Word+Example.swift */; };
		D34EBDA928995E5200B41361 /* NetworkError.swift in Sources */ = {isa = PBXBuildFile; fileRef = D34EBDA828995E5200B41361 /* NetworkError.swift */; };
		D35F8CD528EB5294007841FC /* DataManager.swift in Sources */ = {isa = PBXBuildFile; fileRef = D35F8CD428EB5294007841FC /* DataManager.swift */; };
		D35F8CD728EB52D3007841FC /* FileManager+documentsDirectory.swift in Sources */ = {isa = PBXBuildFile; fileRef = D35F8CD628EB52D2007841FC /* FileManager+documentsDirectory.swift */; };
		D35F8CDA28EB6496007841FC /* RemotePhoneticsAudioLoader.swift in Sources */ = {isa = PBXBuildFile; fileRef = D35F8CD928EB6496007841FC /* RemotePhoneticsAudioLoader.swift */; };
		D35F8CDC28EB64A2007841FC /* LocalPhoneticsAudioLoader.swift in Sources */ = {isa = PBXBuildFile; fileRef = D35F8CDB28EB64A2007841FC /* LocalPhoneticsAudioLoader.swift */; };
		D35F8CDF28EB64DD007841FC /* RemoteWordsLoader.swift in Sources */ = {isa = PBXBuildFile; fileRef = D35F8CDE28EB64DD007841FC /* RemoteWordsLoader.swift */; };
		D35F8CE128EB64EE007841FC /* LocalWordsLoader.swift in Sources */ = {isa = PBXBuildFile; fileRef = D35F8CE028EB64EE007841FC /* LocalWordsLoader.swift */; };
		D3808148291202780078C1F7 /* WordsLoaderTests.swift in Sources */ = {isa = PBXBuildFile; fileRef = D3808147291202780078C1F7 /* WordsLoaderTests.swift */; };
		D395340928B001440072A52C /* makeAttributedString.swift in Sources */ = {isa = PBXBuildFile; fileRef = D395340828B001440072A52C /* makeAttributedString.swift */; };
		D395340B28B009E30072A52C /* Label.swift in Sources */ = {isa = PBXBuildFile; fileRef = D395340A28B009E30072A52C /* Label.swift */; };
		D3A81BC92A60751C00CD325B /* MockURLProtocol.swift in Sources */ = {isa = PBXBuildFile; fileRef = D3A81BC82A60751C00CD325B /* MockURLProtocol.swift */; };
		D3A81BCE2A6079E000CD325B /* API+URLString.swift in Sources */ = {isa = PBXBuildFile; fileRef = D3A81BCD2A6079E000CD325B /* API+URLString.swift */; };
		D3C3032A2949714B003AAC4F /* UITableView+reloadWithAnimation.swift in Sources */ = {isa = PBXBuildFile; fileRef = D3C303292949714B003AAC4F /* UITableView+reloadWithAnimation.swift */; };
		D3CBA768290D988000C9C5F1 /* TestWordListScreen.swift in Sources */ = {isa = PBXBuildFile; fileRef = D3CBA767290D988000C9C5F1 /* TestWordListScreen.swift */; };
		D3D5FDFD2936802900F1EB01 /* LinkButton.swift in Sources */ = {isa = PBXBuildFile; fileRef = D3D5FDFC2936802900F1EB01 /* LinkButton.swift */; };
		D3D5FE012936825200F1EB01 /* String+trimmingPrefix.swift in Sources */ = {isa = PBXBuildFile; fileRef = D3D5FE002936825200F1EB01 /* String+trimmingPrefix.swift */; };
		D3D5FE05293694EB00F1EB01 /* AttributionView.swift in Sources */ = {isa = PBXBuildFile; fileRef = D3D5FE04293694EB00F1EB01 /* AttributionView.swift */; };
		D3D5FE0A29369C9000F1EB01 /* PhoneticView.swift in Sources */ = {isa = PBXBuildFile; fileRef = D3D5FE0929369C9000F1EB01 /* PhoneticView.swift */; };
		D3D5FE0C2936A22100F1EB01 /* DefinitionView.swift in Sources */ = {isa = PBXBuildFile; fileRef = D3D5FE0B2936A22100F1EB01 /* DefinitionView.swift */; };
		D3D5FE0E2936A2F300F1EB01 /* MeaningView.swift in Sources */ = {isa = PBXBuildFile; fileRef = D3D5FE0D2936A2F300F1EB01 /* MeaningView.swift */; };
		D3F1F58828B936F100EA5330 /* WordDetailViewController.swift in Sources */ = {isa = PBXBuildFile; fileRef = D3F1F58728B936F100EA5330 /* WordDetailViewController.swift */; };
		D3F1F58C28B93B3A00EA5330 /* WordDetailCell.swift in Sources */ = {isa = PBXBuildFile; fileRef = D3F1F58B28B93B3A00EA5330 /* WordDetailCell.swift */; };
		D3F1F58E28B9432700EA5330 /* UIApplication+openLink.swift in Sources */ = {isa = PBXBuildFile; fileRef = D3F1F58D28B9432700EA5330 /* UIApplication+openLink.swift */; };
		D3F288E9291207C900904E3A /* hello.json in Resources */ = {isa = PBXBuildFile; fileRef = D38081432912012D0078C1F7 /* hello.json */; };
		D3F8BC5328ECE86D00F74256 /* DataManaging.swift in Sources */ = {isa = PBXBuildFile; fileRef = D3F8BC5228ECE86D00F74256 /* DataManaging.swift */; };
		D3FFD474294806720062B312 /* WordListDelegate.swift in Sources */ = {isa = PBXBuildFile; fileRef = D3FFD473294806720062B312 /* WordListDelegate.swift */; };
/* End PBXBuildFile section */

/* Begin PBXContainerItemProxy section */
		D380813A291200690078C1F7 /* PBXContainerItemProxy */ = {
			isa = PBXContainerItemProxy;
			containerPortal = D3226B172898B0F100DA964A /* Project object */;
			proxyType = 1;
			remoteGlobalIDString = D3226B1E2898B0F100DA964A;
			remoteInfo = "Quiq Dict";
		};
		D3CBA762290D97C200C9C5F1 /* PBXContainerItemProxy */ = {
			isa = PBXContainerItemProxy;
			containerPortal = D3226B172898B0F100DA964A /* Project object */;
			proxyType = 1;
			remoteGlobalIDString = D3226B1E2898B0F100DA964A;
			remoteInfo = "Quiq Dict";
		};
/* End PBXContainerItemProxy section */

/* Begin PBXFileReference section */
		D30EF9D028AF1414005C1358 /* PhoneticsAudioLoader.swift */ = {isa = PBXFileReference; lastKnownFileType = sourcecode.swift; path = PhoneticsAudioLoader.swift; sourceTree = "<group>"; };
		D30EF9D828AF2128005C1358 /* WordCell.swift */ = {isa = PBXFileReference; lastKnownFileType = sourcecode.swift; path = WordCell.swift; sourceTree = "<group>"; };
		D319556C29120F41000101C6 /* hello-uk.mp3 */ = {isa = PBXFileReference; lastKnownFileType = audio.mp3; path = "hello-uk.mp3"; sourceTree = "<group>"; };
		D3226B1F2898B0F100DA964A /* Quiq Dict.app */ = {isa = PBXFileReference; explicitFileType = wrapper.application; includeInIndex = 0; path = "Quiq Dict.app"; sourceTree = BUILT_PRODUCTS_DIR; };
		D3226B222898B0F100DA964A /* AppDelegate.swift */ = {isa = PBXFileReference; lastKnownFileType = sourcecode.swift; path = AppDelegate.swift; sourceTree = "<group>"; };
		D3226B242898B0F100DA964A /* SceneDelegate.swift */ = {isa = PBXFileReference; lastKnownFileType = sourcecode.swift; path = SceneDelegate.swift; sourceTree = "<group>"; };
		D3226B262898B0F100DA964A /* WordListViewController.swift */ = {isa = PBXFileReference; lastKnownFileType = sourcecode.swift; path = WordListViewController.swift; sourceTree = "<group>"; };
		D3226B2B2898B0F300DA964A /* Assets.xcassets */ = {isa = PBXFileReference; lastKnownFileType = folder.assetcatalog; path = Assets.xcassets; sourceTree = "<group>"; };
		D3226B2E2898B0F300DA964A /* Base */ = {isa = PBXFileReference; lastKnownFileType = file.storyboard; name = Base; path = Base.lproj/LaunchScreen.storyboard; sourceTree = "<group>"; };
		D3226B302898B0F300DA964A /* Info.plist */ = {isa = PBXFileReference; lastKnownFileType = text.plist.xml; path = Info.plist; sourceTree = "<group>"; };
		D3226B362898B16D00DA964A /* Word.swift */ = {isa = PBXFileReference; lastKnownFileType = sourcecode.swift; path = Word.swift; sourceTree = "<group>"; };
		D3226B3C2898B44600DA964A /* UIViewController+ShowError.swift */ = {isa = PBXFileReference; lastKnownFileType = sourcecode.swift; path = "UIViewController+ShowError.swift"; sourceTree = "<group>"; };
		D3226B3E2898B73600DA964A /* WordsLoader.swift */ = {isa = PBXFileReference; lastKnownFileType = sourcecode.swift; path = WordsLoader.swift; sourceTree = "<group>"; };
		D32CCA622909AE97000292FB /* WordListDataSource.swift */ = {isa = PBXFileReference; lastKnownFileType = sourcecode.swift; path = WordListDataSource.swift; sourceTree = "<group>"; };
		D3401CB428FB62590044DB49 /* Word+Example.swift */ = {isa = PBXFileReference; lastKnownFileType = sourcecode.swift; path = "Word+Example.swift"; sourceTree = "<group>"; };
		D34EBDA828995E5200B41361 /* NetworkError.swift */ = {isa = PBXFileReference; lastKnownFileType = sourcecode.swift; path = NetworkError.swift; sourceTree = "<group>"; };
		D35F8CD428EB5294007841FC /* DataManager.swift */ = {isa = PBXFileReference; lastKnownFileType = sourcecode.swift; path = DataManager.swift; sourceTree = "<group>"; };
		D35F8CD628EB52D2007841FC /* FileManager+documentsDirectory.swift */ = {isa = PBXFileReference; lastKnownFileType = sourcecode.swift; path = "FileManager+documentsDirectory.swift"; sourceTree = "<group>"; };
		D35F8CD928EB6496007841FC /* RemotePhoneticsAudioLoader.swift */ = {isa = PBXFileReference; lastKnownFileType = sourcecode.swift; path = RemotePhoneticsAudioLoader.swift; sourceTree = "<group>"; };
		D35F8CDB28EB64A2007841FC /* LocalPhoneticsAudioLoader.swift */ = {isa = PBXFileReference; lastKnownFileType = sourcecode.swift; path = LocalPhoneticsAudioLoader.swift; sourceTree = "<group>"; };
		D35F8CDE28EB64DD007841FC /* RemoteWordsLoader.swift */ = {isa = PBXFileReference; lastKnownFileType = sourcecode.swift; path = RemoteWordsLoader.swift; sourceTree = "<group>"; };
		D35F8CE028EB64EE007841FC /* LocalWordsLoader.swift */ = {isa = PBXFileReference; lastKnownFileType = sourcecode.swift; path = LocalWordsLoader.swift; sourceTree = "<group>"; };
		D3808136291200690078C1F7 /* Quiq Dict Tests.xctest */ = {isa = PBXFileReference; explicitFileType = wrapper.cfbundle; includeInIndex = 0; path = "Quiq Dict Tests.xctest"; sourceTree = BUILT_PRODUCTS_DIR; };
		D38081432912012D0078C1F7 /* hello.json */ = {isa = PBXFileReference; lastKnownFileType = text.json; path = hello.json; sourceTree = "<group>"; };
		D3808147291202780078C1F7 /* WordsLoaderTests.swift */ = {isa = PBXFileReference; lastKnownFileType = sourcecode.swift; path = WordsLoaderTests.swift; sourceTree = "<group>"; };
		D395340828B001440072A52C /* makeAttributedString.swift */ = {isa = PBXFileReference; lastKnownFileType = sourcecode.swift; path = makeAttributedString.swift; sourceTree = "<group>"; };
		D395340A28B009E30072A52C /* Label.swift */ = {isa = PBXFileReference; lastKnownFileType = sourcecode.swift; path = Label.swift; sourceTree = "<group>"; };
		D3A81BC82A60751C00CD325B /* MockURLProtocol.swift */ = {isa = PBXFileReference; lastKnownFileType = sourcecode.swift; path = MockURLProtocol.swift; sourceTree = "<group>"; };
		D3A81BCD2A6079E000CD325B /* API+URLString.swift */ = {isa = PBXFileReference; lastKnownFileType = sourcecode.swift; path = "API+URLString.swift"; sourceTree = "<group>"; };
		D3C303292949714B003AAC4F /* UITableView+reloadWithAnimation.swift */ = {isa = PBXFileReference; lastKnownFileType = sourcecode.swift; path = "UITableView+reloadWithAnimation.swift"; sourceTree = "<group>"; };
		D3CBA75C290D97C200C9C5F1 /* Quiq Dict UITests.xctest */ = {isa = PBXFileReference; explicitFileType = wrapper.cfbundle; includeInIndex = 0; path = "Quiq Dict UITests.xctest"; sourceTree = BUILT_PRODUCTS_DIR; };
		D3CBA767290D988000C9C5F1 /* TestWordListScreen.swift */ = {isa = PBXFileReference; lastKnownFileType = sourcecode.swift; path = TestWordListScreen.swift; sourceTree = "<group>"; };
		D3D5FDFC2936802900F1EB01 /* LinkButton.swift */ = {isa = PBXFileReference; lastKnownFileType = sourcecode.swift; path = LinkButton.swift; sourceTree = "<group>"; };
		D3D5FE002936825200F1EB01 /* String+trimmingPrefix.swift */ = {isa = PBXFileReference; lastKnownFileType = sourcecode.swift; path = "String+trimmingPrefix.swift"; sourceTree = "<group>"; };
		D3D5FE04293694EB00F1EB01 /* AttributionView.swift */ = {isa = PBXFileReference; lastKnownFileType = sourcecode.swift; path = AttributionView.swift; sourceTree = "<group>"; };
		D3D5FE0929369C9000F1EB01 /* PhoneticView.swift */ = {isa = PBXFileReference; lastKnownFileType = sourcecode.swift; path = PhoneticView.swift; sourceTree = "<group>"; };
		D3D5FE0B2936A22100F1EB01 /* DefinitionView.swift */ = {isa = PBXFileReference; lastKnownFileType = sourcecode.swift; path = DefinitionView.swift; sourceTree = "<group>"; };
		D3D5FE0D2936A2F300F1EB01 /* MeaningView.swift */ = {isa = PBXFileReference; lastKnownFileType = sourcecode.swift; path = MeaningView.swift; sourceTree = "<group>"; };
		D3F1F58728B936F100EA5330 /* WordDetailViewController.swift */ = {isa = PBXFileReference; lastKnownFileType = sourcecode.swift; path = WordDetailViewController.swift; sourceTree = "<group>"; };
		D3F1F58B28B93B3A00EA5330 /* WordDetailCell.swift */ = {isa = PBXFileReference; lastKnownFileType = sourcecode.swift; path = WordDetailCell.swift; sourceTree = "<group>"; };
		D3F1F58D28B9432700EA5330 /* UIApplication+openLink.swift */ = {isa = PBXFileReference; lastKnownFileType = sourcecode.swift; path = "UIApplication+openLink.swift"; sourceTree = "<group>"; };
		D3F8BC5228ECE86D00F74256 /* DataManaging.swift */ = {isa = PBXFileReference; lastKnownFileType = sourcecode.swift; path = DataManaging.swift; sourceTree = "<group>"; };
		D3FFD473294806720062B312 /* WordListDelegate.swift */ = {isa = PBXFileReference; lastKnownFileType = sourcecode.swift; path = WordListDelegate.swift; sourceTree = "<group>"; };
/* End PBXFileReference section */

/* Begin PBXFrameworksBuildPhase section */
		D3226B1C2898B0F100DA964A /* Frameworks */ = {
			isa = PBXFrameworksBuildPhase;
			buildActionMask = 2147483647;
			files = (
			);
			runOnlyForDeploymentPostprocessing = 0;
		};
		D3808133291200690078C1F7 /* Frameworks */ = {
			isa = PBXFrameworksBuildPhase;
			buildActionMask = 2147483647;
			files = (
			);
			runOnlyForDeploymentPostprocessing = 0;
		};
		D3CBA759290D97C200C9C5F1 /* Frameworks */ = {
			isa = PBXFrameworksBuildPhase;
			buildActionMask = 2147483647;
			files = (
			);
			runOnlyForDeploymentPostprocessing = 0;
		};
/* End PBXFrameworksBuildPhase section */

/* Begin PBXGroup section */
		D30EF9DA28AF212C005C1358 /* Word List Screen */ = {
			isa = PBXGroup;
			children = (
				D3226B262898B0F100DA964A /* WordListViewController.swift */,
				D32CCA622909AE97000292FB /* WordListDataSource.swift */,
				D3FFD473294806720062B312 /* WordListDelegate.swift */,
				D30EF9D828AF2128005C1358 /* WordCell.swift */,
			);
			path = "Word List Screen";
			sourceTree = "<group>";
		};
		D319556B29120F27000101C6 /* Test Data */ = {
			isa = PBXGroup;
			children = (
				D38081432912012D0078C1F7 /* hello.json */,
				D319556C29120F41000101C6 /* hello-uk.mp3 */,
			);
			path = "Test Data";
			sourceTree = "<group>";
		};
		D3226B162898B0F100DA964A = {
			isa = PBXGroup;
			children = (
				D3226B212898B0F100DA964A /* Quiq Dict */,
				D3CBA75D290D97C200C9C5F1 /* Quiq Dict UITests */,
				D3808137291200690078C1F7 /* Quiq Dict Tests */,
				D3226B202898B0F100DA964A /* Products */,
			);
			sourceTree = "<group>";
		};
		D3226B202898B0F100DA964A /* Products */ = {
			isa = PBXGroup;
			children = (
				D3226B1F2898B0F100DA964A /* Quiq Dict.app */,
				D3CBA75C290D97C200C9C5F1 /* Quiq Dict UITests.xctest */,
				D3808136291200690078C1F7 /* Quiq Dict Tests.xctest */,
			);
			name = Products;
			sourceTree = "<group>";
		};
		D3226B212898B0F100DA964A /* Quiq Dict */ = {
			isa = PBXGroup;
			children = (
				D3226B222898B0F100DA964A /* AppDelegate.swift */,
				D3226B242898B0F100DA964A /* SceneDelegate.swift */,
				D3226B3B2898B42A00DA964A /* Utils */,
				D3226B382898B18400DA964A /* Models */,
				D3F1F58A28B9370300EA5330 /* Screens */,
				D34EBDA728995D2700B41361 /* Networking */,
				D356954328EB776500B73518 /* Data Manager */,
				D3226B2B2898B0F300DA964A /* Assets.xcassets */,
				D3226B2D2898B0F300DA964A /* LaunchScreen.storyboard */,
				D3226B302898B0F300DA964A /* Info.plist */,
			);
			path = "Quiq Dict";
			sourceTree = "<group>";
		};
		D3226B382898B18400DA964A /* Models */ = {
			isa = PBXGroup;
			children = (
				D3226B362898B16D00DA964A /* Word.swift */,
				D3401CB428FB62590044DB49 /* Word+Example.swift */,
			);
			path = Models;
			sourceTree = "<group>";
		};
		D3226B3B2898B42A00DA964A /* Utils */ = {
			isa = PBXGroup;
			children = (
				D35F8CD628EB52D2007841FC /* FileManager+documentsDirectory.swift */,
				D3D5FE002936825200F1EB01 /* String+trimmingPrefix.swift */,
				D3D5FE0229368B2C00F1EB01 /* Reusable UI Components */,
				D3D5FDFE2936822900F1EB01 /* UIKit Extensions */,
				D3A81BCD2A6079E000CD325B /* API+URLString.swift */,
			);
			path = Utils;
			sourceTree = "<group>";
		};
		D34EBDA728995D2700B41361 /* Networking */ = {
			isa = PBXGroup;
			children = (
				D34EBDA828995E5200B41361 /* NetworkError.swift */,
				D35F8CDD28EB64AF007841FC /* Word Service */,
				D35F8CD828EB6479007841FC /* Phonetics Audio Loader */,
			);
			path = Networking;
			sourceTree = "<group>";
		};
		D356954328EB776500B73518 /* Data Manager */ = {
			isa = PBXGroup;
			children = (
				D3F8BC5228ECE86D00F74256 /* DataManaging.swift */,
				D35F8CD428EB5294007841FC /* DataManager.swift */,
			);
			path = "Data Manager";
			sourceTree = "<group>";
		};
		D35F8CD828EB6479007841FC /* Phonetics Audio Loader */ = {
			isa = PBXGroup;
			children = (
				D30EF9D028AF1414005C1358 /* PhoneticsAudioLoader.swift */,
				D35F8CD928EB6496007841FC /* RemotePhoneticsAudioLoader.swift */,
				D35F8CDB28EB64A2007841FC /* LocalPhoneticsAudioLoader.swift */,
			);
			path = "Phonetics Audio Loader";
			sourceTree = "<group>";
		};
		D35F8CDD28EB64AF007841FC /* Word Service */ = {
			isa = PBXGroup;
			children = (
				D3226B3E2898B73600DA964A /* WordsLoader.swift */,
				D35F8CDE28EB64DD007841FC /* RemoteWordsLoader.swift */,
				D35F8CE028EB64EE007841FC /* LocalWordsLoader.swift */,
			);
			path = "Word Service";
			sourceTree = "<group>";
		};
		D3808137291200690078C1F7 /* Quiq Dict Tests */ = {
			isa = PBXGroup;
			children = (
				D3F288EA2912080F00904E3A /* Mocks */,
				D3808147291202780078C1F7 /* WordsLoaderTests.swift */,
			);
			path = "Quiq Dict Tests";
			sourceTree = "<group>";
		};
		D3CBA75D290D97C200C9C5F1 /* Quiq Dict UITests */ = {
			isa = PBXGroup;
			children = (
				D3CBA767290D988000C9C5F1 /* TestWordListScreen.swift */,
			);
			path = "Quiq Dict UITests";
			sourceTree = "<group>";
		};
		D3D5FDFE2936822900F1EB01 /* UIKit Extensions */ = {
			isa = PBXGroup;
			children = (
				D3F1F58D28B9432700EA5330 /* UIApplication+openLink.swift */,
				D3226B3C2898B44600DA964A /* UIViewController+ShowError.swift */,
				D395340828B001440072A52C /* makeAttributedString.swift */,
				D3C303292949714B003AAC4F /* UITableView+reloadWithAnimation.swift */,
			);
			path = "UIKit Extensions";
			sourceTree = "<group>";
		};
		D3D5FE0229368B2C00F1EB01 /* Reusable UI Components */ = {
			isa = PBXGroup;
			children = (
				D395340A28B009E30072A52C /* Label.swift */,
			);
			path = "Reusable UI Components";
			sourceTree = "<group>";
		};
		D3D5FE06293699E100F1EB01 /* Word Detail Cell Components */ = {
			isa = PBXGroup;
			children = (
				D3D5FDFC2936802900F1EB01 /* LinkButton.swift */,
				D3D5FE04293694EB00F1EB01 /* AttributionView.swift */,
				D3D5FE0929369C9000F1EB01 /* PhoneticView.swift */,
				D3D5FE0D2936A2F300F1EB01 /* MeaningView.swift */,
				D3D5FE0B2936A22100F1EB01 /* DefinitionView.swift */,
			);
			path = "Word Detail Cell Components";
			sourceTree = "<group>";
		};
		D3F1F58928B936F600EA5330 /* Word Detail Screen */ = {
			isa = PBXGroup;
			children = (
				D3F1F58728B936F100EA5330 /* WordDetailViewController.swift */,
				D3F1F58B28B93B3A00EA5330 /* WordDetailCell.swift */,
				D3D5FE06293699E100F1EB01 /* Word Detail Cell Components */,
			);
			path = "Word Detail Screen";
			sourceTree = "<group>";
		};
		D3F1F58A28B9370300EA5330 /* Screens */ = {
			isa = PBXGroup;
			children = (
				D30EF9DA28AF212C005C1358 /* Word List Screen */,
				D3F1F58928B936F600EA5330 /* Word Detail Screen */,
			);
			path = Screens;
			sourceTree = "<group>";
		};
		D3F288EA2912080F00904E3A /* Mocks */ = {
			isa = PBXGroup;
			children = (
				D319556B29120F27000101C6 /* Test Data */,
				D3A81BC82A60751C00CD325B /* MockURLProtocol.swift */,
			);
			path = Mocks;
			sourceTree = "<group>";
		};
/* End PBXGroup section */

/* Begin PBXNativeTarget section */
		D3226B1E2898B0F100DA964A /* Quiq Dict */ = {
			isa = PBXNativeTarget;
			buildConfigurationList = D3226B332898B0F300DA964A /* Build configuration list for PBXNativeTarget "Quiq Dict" */;
			buildPhases = (
				D3226B1B2898B0F100DA964A /* Sources */,
				D3226B1C2898B0F100DA964A /* Frameworks */,
				D3226B1D2898B0F100DA964A /* Resources */,
			);
			buildRules = (
			);
			dependencies = (
			);
			name = "Quiq Dict";
			productName = "Quiq Dict";
			productReference = D3226B1F2898B0F100DA964A /* Quiq Dict.app */;
			productType = "com.apple.product-type.application";
		};
		D3808135291200690078C1F7 /* Quiq Dict Tests */ = {
			isa = PBXNativeTarget;
			buildConfigurationList = D380813E291200690078C1F7 /* Build configuration list for PBXNativeTarget "Quiq Dict Tests" */;
			buildPhases = (
				D3808132291200690078C1F7 /* Sources */,
				D3808133291200690078C1F7 /* Frameworks */,
				D3808134291200690078C1F7 /* Resources */,
			);
			buildRules = (
			);
			dependencies = (
				D380813B291200690078C1F7 /* PBXTargetDependency */,
			);
			name = "Quiq Dict Tests";
			productName = "Quiq Dict Tests";
			productReference = D3808136291200690078C1F7 /* Quiq Dict Tests.xctest */;
			productType = "com.apple.product-type.bundle.unit-test";
		};
		D3CBA75B290D97C200C9C5F1 /* Quiq Dict UITests */ = {
			isa = PBXNativeTarget;
			buildConfigurationList = D3CBA764290D97C200C9C5F1 /* Build configuration list for PBXNativeTarget "Quiq Dict UITests" */;
			buildPhases = (
				D3CBA758290D97C200C9C5F1 /* Sources */,
				D3CBA759290D97C200C9C5F1 /* Frameworks */,
				D3CBA75A290D97C200C9C5F1 /* Resources */,
			);
			buildRules = (
			);
			dependencies = (
				D3CBA763290D97C200C9C5F1 /* PBXTargetDependency */,
			);
			name = "Quiq Dict UITests";
			productName = "Quiq Dict UITests";
			productReference = D3CBA75C290D97C200C9C5F1 /* Quiq Dict UITests.xctest */;
			productType = "com.apple.product-type.bundle.ui-testing";
		};
/* End PBXNativeTarget section */

/* Begin PBXProject section */
		D3226B172898B0F100DA964A /* Project object */ = {
			isa = PBXProject;
			attributes = {
				BuildIndependentTargetsInParallel = 1;
				LastSwiftUpdateCheck = 1410;
				LastUpgradeCheck = 1340;
				TargetAttributes = {
					D3226B1E2898B0F100DA964A = {
						CreatedOnToolsVersion = 13.4.1;
					};
					D3808135291200690078C1F7 = {
						CreatedOnToolsVersion = 14.1;
						LastSwiftMigration = 1410;
						TestTargetID = D3226B1E2898B0F100DA964A;
					};
					D3CBA75B290D97C200C9C5F1 = {
						CreatedOnToolsVersion = 14.1;
						LastSwiftMigration = 1410;
						TestTargetID = D3226B1E2898B0F100DA964A;
					};
				};
			};
			buildConfigurationList = D3226B1A2898B0F100DA964A /* Build configuration list for PBXProject "Quiq Dict" */;
			compatibilityVersion = "Xcode 13.0";
			developmentRegion = en;
			hasScannedForEncodings = 0;
			knownRegions = (
				en,
				Base,
			);
			mainGroup = D3226B162898B0F100DA964A;
			productRefGroup = D3226B202898B0F100DA964A /* Products */;
			projectDirPath = "";
			projectRoot = "";
			targets = (
				D3226B1E2898B0F100DA964A /* Quiq Dict */,
				D3CBA75B290D97C200C9C5F1 /* Quiq Dict UITests */,
				D3808135291200690078C1F7 /* Quiq Dict Tests */,
			);
		};
/* End PBXProject section */

/* Begin PBXResourcesBuildPhase section */
		D3226B1D2898B0F100DA964A /* Resources */ = {
			isa = PBXResourcesBuildPhase;
			buildActionMask = 2147483647;
			files = (
				D3226B2F2898B0F300DA964A /* LaunchScreen.storyboard in Resources */,
				D3226B2C2898B0F300DA964A /* Assets.xcassets in Resources */,
			);
			runOnlyForDeploymentPostprocessing = 0;
		};
		D3808134291200690078C1F7 /* Resources */ = {
			isa = PBXResourcesBuildPhase;
			buildActionMask = 2147483647;
			files = (
				D3F288E9291207C900904E3A /* hello.json in Resources */,
			);
			runOnlyForDeploymentPostprocessing = 0;
		};
		D3CBA75A290D97C200C9C5F1 /* Resources */ = {
			isa = PBXResourcesBuildPhase;
			buildActionMask = 2147483647;
			files = (
			);
			runOnlyForDeploymentPostprocessing = 0;
		};
/* End PBXResourcesBuildPhase section */

/* Begin PBXSourcesBuildPhase section */
		D3226B1B2898B0F100DA964A /* Sources */ = {
			isa = PBXSourcesBuildPhase;
			buildActionMask = 2147483647;
			files = (
				D3D5FE0A29369C9000F1EB01 /* PhoneticView.swift in Sources */,
				D35F8CDA28EB6496007841FC /* RemotePhoneticsAudioLoader.swift in Sources */,
				D3226B3D2898B44600DA964A /* UIViewController+ShowError.swift in Sources */,
				D35F8CD528EB5294007841FC /* DataManager.swift in Sources */,
				D3FFD474294806720062B312 /* WordListDelegate.swift in Sources */,
				D3C3032A2949714B003AAC4F /* UITableView+reloadWithAnimation.swift in Sources */,
				D3226B3F2898B73600DA964A /* WordsLoader.swift in Sources */,
				D3226B272898B0F100DA964A /* WordListViewController.swift in Sources */,
				D3226B372898B16D00DA964A /* Word.swift in Sources */,
				D3226B232898B0F100DA964A /* AppDelegate.swift in Sources */,
				D35F8CDF28EB64DD007841FC /* RemoteWordsLoader.swift in Sources */,
				D32CCA632909AE97000292FB /* WordListDataSource.swift in Sources */,
				D3F1F58C28B93B3A00EA5330 /* WordDetailCell.swift in Sources */,
				D3D5FE05293694EB00F1EB01 /* AttributionView.swift in Sources */,
				D34EBDA928995E5200B41361 /* NetworkError.swift in Sources */,
				D3226B252898B0F100DA964A /* SceneDelegate.swift in Sources */,
				D3D5FE012936825200F1EB01 /* String+trimmingPrefix.swift in Sources */,
				D3F1F58E28B9432700EA5330 /* UIApplication+openLink.swift in Sources */,
				D3F8BC5328ECE86D00F74256 /* DataManaging.swift in Sources */,
				D395340928B001440072A52C /* makeAttributedString.swift in Sources */,
				D3F1F58828B936F100EA5330 /* WordDetailViewController.swift in Sources */,
				D3D5FE0C2936A22100F1EB01 /* DefinitionView.swift in Sources */,
				D35F8CE128EB64EE007841FC /* LocalWordsLoader.swift in Sources */,
				D3401CB528FB62590044DB49 /* Word+Example.swift in Sources */,
				D35F8CDC28EB64A2007841FC /* LocalPhoneticsAudioLoader.swift in Sources */,
				D35F8CD728EB52D3007841FC /* FileManager+documentsDirectory.swift in Sources */,
				D30EF9D928AF2128005C1358 /* WordCell.swift in Sources */,
				D3D5FE0E2936A2F300F1EB01 /* MeaningView.swift in Sources */,
				D3D5FDFD2936802900F1EB01 /* LinkButton.swift in Sources */,
				D3A81BCE2A6079E000CD325B /* API+URLString.swift in Sources */,
				D395340B28B009E30072A52C /* Label.swift in Sources */,
				D30EF9D128AF1414005C1358 /* PhoneticsAudioLoader.swift in Sources */,
			);
			runOnlyForDeploymentPostprocessing = 0;
		};
		D3808132291200690078C1F7 /* Sources */ = {
			isa = PBXSourcesBuildPhase;
			buildActionMask = 2147483647;
			files = (
				D3808148291202780078C1F7 /* WordsLoaderTests.swift in Sources */,
				D3A81BC92A60751C00CD325B /* MockURLProtocol.swift in Sources */,
			);
			runOnlyForDeploymentPostprocessing = 0;
		};
		D3CBA758290D97C200C9C5F1 /* Sources */ = {
			isa = PBXSourcesBuildPhase;
			buildActionMask = 2147483647;
			files = (
				D3CBA768290D988000C9C5F1 /* TestWordListScreen.swift in Sources */,
			);
			runOnlyForDeploymentPostprocessing = 0;
		};
/* End PBXSourcesBuildPhase section */

/* Begin PBXTargetDependency section */
		D380813B291200690078C1F7 /* PBXTargetDependency */ = {
			isa = PBXTargetDependency;
			target = D3226B1E2898B0F100DA964A /* Quiq Dict */;
			targetProxy = D380813A291200690078C1F7 /* PBXContainerItemProxy */;
		};
		D3CBA763290D97C200C9C5F1 /* PBXTargetDependency */ = {
			isa = PBXTargetDependency;
			target = D3226B1E2898B0F100DA964A /* Quiq Dict */;
			targetProxy = D3CBA762290D97C200C9C5F1 /* PBXContainerItemProxy */;
		};
/* End PBXTargetDependency section */

/* Begin PBXVariantGroup section */
		D3226B2D2898B0F300DA964A /* LaunchScreen.storyboard */ = {
			isa = PBXVariantGroup;
			children = (
				D3226B2E2898B0F300DA964A /* Base */,
			);
			name = LaunchScreen.storyboard;
			sourceTree = "<group>";
		};
/* End PBXVariantGroup section */

/* Begin XCBuildConfiguration section */
		D3226B312898B0F300DA964A /* Debug */ = {
			isa = XCBuildConfiguration;
			buildSettings = {
				ALWAYS_SEARCH_USER_PATHS = NO;
				CLANG_ANALYZER_NONNULL = YES;
				CLANG_ANALYZER_NUMBER_OBJECT_CONVERSION = YES_AGGRESSIVE;
				CLANG_CXX_LANGUAGE_STANDARD = "gnu++17";
				CLANG_ENABLE_MODULES = YES;
				CLANG_ENABLE_OBJC_ARC = YES;
				CLANG_ENABLE_OBJC_WEAK = YES;
				CLANG_WARN_BLOCK_CAPTURE_AUTORELEASING = YES;
				CLANG_WARN_BOOL_CONVERSION = YES;
				CLANG_WARN_COMMA = YES;
				CLANG_WARN_CONSTANT_CONVERSION = YES;
				CLANG_WARN_DEPRECATED_OBJC_IMPLEMENTATIONS = YES;
				CLANG_WARN_DIRECT_OBJC_ISA_USAGE = YES_ERROR;
				CLANG_WARN_DOCUMENTATION_COMMENTS = YES;
				CLANG_WARN_EMPTY_BODY = YES;
				CLANG_WARN_ENUM_CONVERSION = YES;
				CLANG_WARN_INFINITE_RECURSION = YES;
				CLANG_WARN_INT_CONVERSION = YES;
				CLANG_WARN_NON_LITERAL_NULL_CONVERSION = YES;
				CLANG_WARN_OBJC_IMPLICIT_RETAIN_SELF = YES;
				CLANG_WARN_OBJC_LITERAL_CONVERSION = YES;
				CLANG_WARN_OBJC_ROOT_CLASS = YES_ERROR;
				CLANG_WARN_QUOTED_INCLUDE_IN_FRAMEWORK_HEADER = YES;
				CLANG_WARN_RANGE_LOOP_ANALYSIS = YES;
				CLANG_WARN_STRICT_PROTOTYPES = YES;
				CLANG_WARN_SUSPICIOUS_MOVE = YES;
				CLANG_WARN_UNGUARDED_AVAILABILITY = YES_AGGRESSIVE;
				CLANG_WARN_UNREACHABLE_CODE = YES;
				CLANG_WARN__DUPLICATE_METHOD_MATCH = YES;
				COPY_PHASE_STRIP = NO;
				DEBUG_INFORMATION_FORMAT = dwarf;
				ENABLE_STRICT_OBJC_MSGSEND = YES;
				ENABLE_TESTABILITY = YES;
				GCC_C_LANGUAGE_STANDARD = gnu11;
				GCC_DYNAMIC_NO_PIC = NO;
				GCC_NO_COMMON_BLOCKS = YES;
				GCC_OPTIMIZATION_LEVEL = 0;
				GCC_PREPROCESSOR_DEFINITIONS = (
					"DEBUG=1",
					"$(inherited)",
				);
				GCC_WARN_64_TO_32_BIT_CONVERSION = YES;
				GCC_WARN_ABOUT_RETURN_TYPE = YES_ERROR;
				GCC_WARN_UNDECLARED_SELECTOR = YES;
				GCC_WARN_UNINITIALIZED_AUTOS = YES_AGGRESSIVE;
				GCC_WARN_UNUSED_FUNCTION = YES;
				GCC_WARN_UNUSED_VARIABLE = YES;
				IPHONEOS_DEPLOYMENT_TARGET = 13.0;
				MTL_ENABLE_DEBUG_INFO = INCLUDE_SOURCE;
				MTL_FAST_MATH = YES;
				ONLY_ACTIVE_ARCH = YES;
				SDKROOT = iphoneos;
				SWIFT_ACTIVE_COMPILATION_CONDITIONS = DEBUG;
				SWIFT_OPTIMIZATION_LEVEL = "-Onone";
			};
			name = Debug;
		};
		D3226B322898B0F300DA964A /* Release */ = {
			isa = XCBuildConfiguration;
			buildSettings = {
				ALWAYS_SEARCH_USER_PATHS = NO;
				CLANG_ANALYZER_NONNULL = YES;
				CLANG_ANALYZER_NUMBER_OBJECT_CONVERSION = YES_AGGRESSIVE;
				CLANG_CXX_LANGUAGE_STANDARD = "gnu++17";
				CLANG_ENABLE_MODULES = YES;
				CLANG_ENABLE_OBJC_ARC = YES;
				CLANG_ENABLE_OBJC_WEAK = YES;
				CLANG_WARN_BLOCK_CAPTURE_AUTORELEASING = YES;
				CLANG_WARN_BOOL_CONVERSION = YES;
				CLANG_WARN_COMMA = YES;
				CLANG_WARN_CONSTANT_CONVERSION = YES;
				CLANG_WARN_DEPRECATED_OBJC_IMPLEMENTATIONS = YES;
				CLANG_WARN_DIRECT_OBJC_ISA_USAGE = YES_ERROR;
				CLANG_WARN_DOCUMENTATION_COMMENTS = YES;
				CLANG_WARN_EMPTY_BODY = YES;
				CLANG_WARN_ENUM_CONVERSION = YES;
				CLANG_WARN_INFINITE_RECURSION = YES;
				CLANG_WARN_INT_CONVERSION = YES;
				CLANG_WARN_NON_LITERAL_NULL_CONVERSION = YES;
				CLANG_WARN_OBJC_IMPLICIT_RETAIN_SELF = YES;
				CLANG_WARN_OBJC_LITERAL_CONVERSION = YES;
				CLANG_WARN_OBJC_ROOT_CLASS = YES_ERROR;
				CLANG_WARN_QUOTED_INCLUDE_IN_FRAMEWORK_HEADER = YES;
				CLANG_WARN_RANGE_LOOP_ANALYSIS = YES;
				CLANG_WARN_STRICT_PROTOTYPES = YES;
				CLANG_WARN_SUSPICIOUS_MOVE = YES;
				CLANG_WARN_UNGUARDED_AVAILABILITY = YES_AGGRESSIVE;
				CLANG_WARN_UNREACHABLE_CODE = YES;
				CLANG_WARN__DUPLICATE_METHOD_MATCH = YES;
				COPY_PHASE_STRIP = NO;
				DEBUG_INFORMATION_FORMAT = "dwarf-with-dsym";
				ENABLE_NS_ASSERTIONS = NO;
				ENABLE_STRICT_OBJC_MSGSEND = YES;
				GCC_C_LANGUAGE_STANDARD = gnu11;
				GCC_NO_COMMON_BLOCKS = YES;
				GCC_WARN_64_TO_32_BIT_CONVERSION = YES;
				GCC_WARN_ABOUT_RETURN_TYPE = YES_ERROR;
				GCC_WARN_UNDECLARED_SELECTOR = YES;
				GCC_WARN_UNINITIALIZED_AUTOS = YES_AGGRESSIVE;
				GCC_WARN_UNUSED_FUNCTION = YES;
				GCC_WARN_UNUSED_VARIABLE = YES;
				IPHONEOS_DEPLOYMENT_TARGET = 13.0;
				MTL_ENABLE_DEBUG_INFO = NO;
				MTL_FAST_MATH = YES;
				SDKROOT = iphoneos;
				SWIFT_COMPILATION_MODE = wholemodule;
				SWIFT_OPTIMIZATION_LEVEL = "-O";
				VALIDATE_PRODUCT = YES;
			};
			name = Release;
		};
		D3226B342898B0F300DA964A /* Debug */ = {
			isa = XCBuildConfiguration;
			buildSettings = {
				ASSETCATALOG_COMPILER_APPICON_NAME = AppIcon;
				ASSETCATALOG_COMPILER_GLOBAL_ACCENT_COLOR_NAME = AccentColor;
				CODE_SIGN_STYLE = Automatic;
				CURRENT_PROJECT_VERSION = 1;
				DEVELOPMENT_TEAM = HB73YMFXYF;
				GENERATE_INFOPLIST_FILE = YES;
				INFOPLIST_FILE = "Quiq Dict/Info.plist";
				INFOPLIST_KEY_UIApplicationSupportsIndirectInputEvents = YES;
				INFOPLIST_KEY_UILaunchStoryboardName = LaunchScreen;
				INFOPLIST_KEY_UISupportedInterfaceOrientations_iPad = "UIInterfaceOrientationPortrait UIInterfaceOrientationPortraitUpsideDown UIInterfaceOrientationLandscapeLeft UIInterfaceOrientationLandscapeRight";
				INFOPLIST_KEY_UISupportedInterfaceOrientations_iPhone = "UIInterfaceOrientationPortrait UIInterfaceOrientationLandscapeLeft UIInterfaceOrientationLandscapeRight";
				IPHONEOS_DEPLOYMENT_TARGET = 13.0;
				LD_RUNPATH_SEARCH_PATHS = (
					"$(inherited)",
					"@executable_path/Frameworks",
				);
				MARKETING_VERSION = 1.0;
				PRODUCT_BUNDLE_IDENTIFIER = "com.YSBoomOfficial.Quiq-Dict";
				PRODUCT_NAME = "$(TARGET_NAME)";
				SWIFT_EMIT_LOC_STRINGS = YES;
				SWIFT_VERSION = 5.0;
				TARGETED_DEVICE_FAMILY = "1,2";
			};
			name = Debug;
		};
		D3226B352898B0F300DA964A /* Release */ = {
			isa = XCBuildConfiguration;
			buildSettings = {
				ASSETCATALOG_COMPILER_APPICON_NAME = AppIcon;
				ASSETCATALOG_COMPILER_GLOBAL_ACCENT_COLOR_NAME = AccentColor;
				CODE_SIGN_STYLE = Automatic;
				CURRENT_PROJECT_VERSION = 1;
				DEVELOPMENT_TEAM = HB73YMFXYF;
				GENERATE_INFOPLIST_FILE = YES;
				INFOPLIST_FILE = "Quiq Dict/Info.plist";
				INFOPLIST_KEY_UIApplicationSupportsIndirectInputEvents = YES;
				INFOPLIST_KEY_UILaunchStoryboardName = LaunchScreen;
				INFOPLIST_KEY_UISupportedInterfaceOrientations_iPad = "UIInterfaceOrientationPortrait UIInterfaceOrientationPortraitUpsideDown UIInterfaceOrientationLandscapeLeft UIInterfaceOrientationLandscapeRight";
				INFOPLIST_KEY_UISupportedInterfaceOrientations_iPhone = "UIInterfaceOrientationPortrait UIInterfaceOrientationLandscapeLeft UIInterfaceOrientationLandscapeRight";
				IPHONEOS_DEPLOYMENT_TARGET = 13.0;
				LD_RUNPATH_SEARCH_PATHS = (
					"$(inherited)",
					"@executable_path/Frameworks",
				);
				MARKETING_VERSION = 1.0;
				PRODUCT_BUNDLE_IDENTIFIER = "com.YSBoomOfficial.Quiq-Dict";
				PRODUCT_NAME = "$(TARGET_NAME)";
				SWIFT_EMIT_LOC_STRINGS = YES;
				SWIFT_VERSION = 5.0;
				TARGETED_DEVICE_FAMILY = "1,2";
			};
			name = Release;
		};
		D380813C291200690078C1F7 /* Debug */ = {
			isa = XCBuildConfiguration;
			buildSettings = {
				BUNDLE_LOADER = "$(TEST_HOST)";
				CLANG_CXX_LANGUAGE_STANDARD = "gnu++20";
				CLANG_ENABLE_MODULES = YES;
				CODE_SIGN_STYLE = Automatic;
				CURRENT_PROJECT_VERSION = 1;
				DEVELOPMENT_TEAM = HB73YMFXYF;
				GENERATE_INFOPLIST_FILE = YES;
				IPHONEOS_DEPLOYMENT_TARGET = 16.1;
				LD_RUNPATH_SEARCH_PATHS = (
					"$(inherited)",
					"@executable_path/Frameworks",
					"@loader_path/Frameworks",
				);
				MARKETING_VERSION = 1.0;
				PRODUCT_BUNDLE_IDENTIFIER = "com.YSBoomOfficial.Quiq-Dict.Quiq-Dict-Tests";
				PRODUCT_NAME = "$(TARGET_NAME)";
				SWIFT_EMIT_LOC_STRINGS = NO;
				SWIFT_OPTIMIZATION_LEVEL = "-Onone";
				SWIFT_VERSION = 5.0;
				TARGETED_DEVICE_FAMILY = "1,2";
				TEST_HOST = "$(BUILT_PRODUCTS_DIR)/Quiq Dict.app/$(BUNDLE_EXECUTABLE_FOLDER_PATH)/Quiq Dict";
			};
			name = Debug;
		};
		D380813D291200690078C1F7 /* Release */ = {
			isa = XCBuildConfiguration;
			buildSettings = {
				BUNDLE_LOADER = "$(TEST_HOST)";
				CLANG_CXX_LANGUAGE_STANDARD = "gnu++20";
				CLANG_ENABLE_MODULES = YES;
				CODE_SIGN_STYLE = Automatic;
				CURRENT_PROJECT_VERSION = 1;
				DEVELOPMENT_TEAM = HB73YMFXYF;
				GENERATE_INFOPLIST_FILE = YES;
				IPHONEOS_DEPLOYMENT_TARGET = 16.1;
				LD_RUNPATH_SEARCH_PATHS = (
					"$(inherited)",
					"@executable_path/Frameworks",
					"@loader_path/Frameworks",
				);
				MARKETING_VERSION = 1.0;
				PRODUCT_BUNDLE_IDENTIFIER = "com.YSBoomOfficial.Quiq-Dict.Quiq-Dict-Tests";
				PRODUCT_NAME = "$(TARGET_NAME)";
				SWIFT_EMIT_LOC_STRINGS = NO;
				SWIFT_VERSION = 5.0;
				TARGETED_DEVICE_FAMILY = "1,2";
				TEST_HOST = "$(BUILT_PRODUCTS_DIR)/Quiq Dict.app/$(BUNDLE_EXECUTABLE_FOLDER_PATH)/Quiq Dict";
			};
			name = Release;
		};
		D3CBA765290D97C200C9C5F1 /* Debug */ = {
			isa = XCBuildConfiguration;
			buildSettings = {
				CLANG_CXX_LANGUAGE_STANDARD = "gnu++20";
				CLANG_ENABLE_MODULES = YES;
				CODE_SIGN_STYLE = Automatic;
				CURRENT_PROJECT_VERSION = 1;
				DEVELOPMENT_TEAM = HB73YMFXYF;
				GENERATE_INFOPLIST_FILE = YES;
				IPHONEOS_DEPLOYMENT_TARGET = 16.1;
				LD_RUNPATH_SEARCH_PATHS = (
					"$(inherited)",
					"@executable_path/Frameworks",
					"@loader_path/Frameworks",
				);
				MARKETING_VERSION = 1.0;
				PRODUCT_BUNDLE_IDENTIFIER = "com.YSBoomOfficial.Quiq-Dict.Quiq-Dict-UITests";
				PRODUCT_NAME = "$(TARGET_NAME)";
				SWIFT_EMIT_LOC_STRINGS = NO;
				SWIFT_OPTIMIZATION_LEVEL = "-Onone";
				SWIFT_VERSION = 5.0;
				TARGETED_DEVICE_FAMILY = "1,2";
				TEST_TARGET_NAME = "Quiq Dict";
			};
			name = Debug;
		};
		D3CBA766290D97C200C9C5F1 /* Release */ = {
			isa = XCBuildConfiguration;
			buildSettings = {
				CLANG_CXX_LANGUAGE_STANDARD = "gnu++20";
				CLANG_ENABLE_MODULES = YES;
				CODE_SIGN_STYLE = Automatic;
				CURRENT_PROJECT_VERSION = 1;
				DEVELOPMENT_TEAM = HB73YMFXYF;
				GENERATE_INFOPLIST_FILE = YES;
				IPHONEOS_DEPLOYMENT_TARGET = 16.1;
				LD_RUNPATH_SEARCH_PATHS = (
					"$(inherited)",
					"@executable_path/Frameworks",
					"@loader_path/Frameworks",
				);
				MARKETING_VERSION = 1.0;
				PRODUCT_BUNDLE_IDENTIFIER = "com.YSBoomOfficial.Quiq-Dict.Quiq-Dict-UITests";
				PRODUCT_NAME = "$(TARGET_NAME)";
				SWIFT_EMIT_LOC_STRINGS = NO;
				SWIFT_VERSION = 5.0;
				TARGETED_DEVICE_FAMILY = "1,2";
				TEST_TARGET_NAME = "Quiq Dict";
			};
			name = Release;
		};
/* End XCBuildConfiguration section */

/* Begin XCConfigurationList section */
		D3226B1A2898B0F100DA964A /* Build configuration list for PBXProject "Quiq Dict" */ = {
			isa = XCConfigurationList;
			buildConfigurations = (
				D3226B312898B0F300DA964A /* Debug */,
				D3226B322898B0F300DA964A /* Release */,
			);
			defaultConfigurationIsVisible = 0;
			defaultConfigurationName = Release;
		};
		D3226B332898B0F300DA964A /* Build configuration list for PBXNativeTarget "Quiq Dict" */ = {
			isa = XCConfigurationList;
			buildConfigurations = (
				D3226B342898B0F300DA964A /* Debug */,
				D3226B352898B0F300DA964A /* Release */,
			);
			defaultConfigurationIsVisible = 0;
			defaultConfigurationName = Release;
		};
		D380813E291200690078C1F7 /* Build configuration list for PBXNativeTarget "Quiq Dict Tests" */ = {
			isa = XCConfigurationList;
			buildConfigurations = (
				D380813C291200690078C1F7 /* Debug */,
				D380813D291200690078C1F7 /* Release */,
			);
			defaultConfigurationIsVisible = 0;
			defaultConfigurationName = Release;
		};
		D3CBA764290D97C200C9C5F1 /* Build configuration list for PBXNativeTarget "Quiq Dict UITests" */ = {
			isa = XCConfigurationList;
			buildConfigurations = (
				D3CBA765290D97C200C9C5F1 /* Debug */,
				D3CBA766290D97C200C9C5F1 /* Release */,
			);
			defaultConfigurationIsVisible = 0;
			defaultConfigurationName = Release;
		};
/* End XCConfigurationList section */
	};
	rootObject = D3226B172898B0F100DA964A /* Project object */;
}
