// !$*UTF8*$!
{
	archiveVersion = 1;
	classes = {
	};
	objectVersion = 55;
	objects = {

/* Begin PBXBuildFile section */
		D3226B232898B0F100DA964A /* AppDelegate.swift in Sources */ = {isa = PBXBuildFile; fileRef = D3226B222898B0F100DA964A /* AppDelegate.swift */; };
		D3226B252898B0F100DA964A /* SceneDelegate.swift in Sources */ = {isa = PBXBuildFile; fileRef = D3226B242898B0F100DA964A /* SceneDelegate.swift */; };
		D3226B272898B0F100DA964A /* WordListViewController.swift in Sources */ = {isa = PBXBuildFile; fileRef = D3226B262898B0F100DA964A /* WordListViewController.swift */; };
		D3226B2C2898B0F300DA964A /* Assets.xcassets in Resources */ = {isa = PBXBuildFile; fileRef = D3226B2B2898B0F300DA964A /* Assets.xcassets */; };
		D3226B2F2898B0F300DA964A /* LaunchScreen.storyboard in Resources */ = {isa = PBXBuildFile; fileRef = D3226B2D2898B0F300DA964A /* LaunchScreen.storyboard */; };
		D3226B372898B16D00DA964A /* Word.swift in Sources */ = {isa = PBXBuildFile; fileRef = D3226B362898B16D00DA964A /* Word.swift */; };
		D3226B3A2898B42600DA964A /* DispatchQueue+mainAsyncIfNeeded.swift in Sources */ = {isa = PBXBuildFile; fileRef = D3226B392898B42600DA964A /* DispatchQueue+mainAsyncIfNeeded.swift */; };
		D3226B3D2898B44600DA964A /* UIViewController+ShowError.swift in Sources */ = {isa = PBXBuildFile; fileRef = D3226B3C2898B44600DA964A /* UIViewController+ShowError.swift */; };
		D3226B3F2898B73600DA964A /* WordAPI.swift in Sources */ = {isa = PBXBuildFile; fileRef = D3226B3E2898B73600DA964A /* WordAPI.swift */; };
		D34EBDA928995E5200B41361 /* NetworkError.swift in Sources */ = {isa = PBXBuildFile; fileRef = D34EBDA828995E5200B41361 /* NetworkError.swift */; };
		D34EBDAD28995EA700B41361 /* WordViewModel.swift in Sources */ = {isa = PBXBuildFile; fileRef = D34EBDAC28995EA700B41361 /* WordViewModel.swift */; };
		D34EBDB02899617C00B41361 /* WordsService.swift in Sources */ = {isa = PBXBuildFile; fileRef = D34EBDAF2899617C00B41361 /* WordsService.swift */; };
		D34EBDB2289962DD00B41361 /* WordAPIWordsServiceAdapter.swift in Sources */ = {isa = PBXBuildFile; fileRef = D34EBDB1289962DD00B41361 /* WordAPIWordsServiceAdapter.swift */; };
		D3892E702899F2F000F35B14 /* WordCell.swift in Sources */ = {isa = PBXBuildFile; fileRef = D3892E6F2899F2F000F35B14 /* WordCell.swift */; };
/* End PBXBuildFile section */

/* Begin PBXFileReference section */
		D3226B1F2898B0F100DA964A /* Quiq Dict.app */ = {isa = PBXFileReference; explicitFileType = wrapper.application; includeInIndex = 0; path = "Quiq Dict.app"; sourceTree = BUILT_PRODUCTS_DIR; };
		D3226B222898B0F100DA964A /* AppDelegate.swift */ = {isa = PBXFileReference; lastKnownFileType = sourcecode.swift; path = AppDelegate.swift; sourceTree = "<group>"; };
		D3226B242898B0F100DA964A /* SceneDelegate.swift */ = {isa = PBXFileReference; lastKnownFileType = sourcecode.swift; path = SceneDelegate.swift; sourceTree = "<group>"; };
		D3226B262898B0F100DA964A /* WordListViewController.swift */ = {isa = PBXFileReference; lastKnownFileType = sourcecode.swift; path = WordListViewController.swift; sourceTree = "<group>"; };
		D3226B2B2898B0F300DA964A /* Assets.xcassets */ = {isa = PBXFileReference; lastKnownFileType = folder.assetcatalog; path = Assets.xcassets; sourceTree = "<group>"; };
		D3226B2E2898B0F300DA964A /* Base */ = {isa = PBXFileReference; lastKnownFileType = file.storyboard; name = Base; path = Base.lproj/LaunchScreen.storyboard; sourceTree = "<group>"; };
		D3226B302898B0F300DA964A /* Info.plist */ = {isa = PBXFileReference; lastKnownFileType = text.plist.xml; path = Info.plist; sourceTree = "<group>"; };
		D3226B362898B16D00DA964A /* Word.swift */ = {isa = PBXFileReference; lastKnownFileType = sourcecode.swift; path = Word.swift; sourceTree = "<group>"; };
		D3226B392898B42600DA964A /* DispatchQueue+mainAsyncIfNeeded.swift */ = {isa = PBXFileReference; lastKnownFileType = sourcecode.swift; path = "DispatchQueue+mainAsyncIfNeeded.swift"; sourceTree = "<group>"; };
		D3226B3C2898B44600DA964A /* UIViewController+ShowError.swift */ = {isa = PBXFileReference; lastKnownFileType = sourcecode.swift; path = "UIViewController+ShowError.swift"; sourceTree = "<group>"; };
		D3226B3E2898B73600DA964A /* WordAPI.swift */ = {isa = PBXFileReference; lastKnownFileType = sourcecode.swift; path = WordAPI.swift; sourceTree = "<group>"; };
		D34EBDA828995E5200B41361 /* NetworkError.swift */ = {isa = PBXFileReference; lastKnownFileType = sourcecode.swift; path = NetworkError.swift; sourceTree = "<group>"; };
		D34EBDAC28995EA700B41361 /* WordViewModel.swift */ = {isa = PBXFileReference; lastKnownFileType = sourcecode.swift; path = WordViewModel.swift; sourceTree = "<group>"; };
		D34EBDAF2899617C00B41361 /* WordsService.swift */ = {isa = PBXFileReference; lastKnownFileType = sourcecode.swift; path = WordsService.swift; sourceTree = "<group>"; };
		D34EBDB1289962DD00B41361 /* WordAPIWordsServiceAdapter.swift */ = {isa = PBXFileReference; lastKnownFileType = sourcecode.swift; path = WordAPIWordsServiceAdapter.swift; sourceTree = "<group>"; };
		D3892E6F2899F2F000F35B14 /* WordCell.swift */ = {isa = PBXFileReference; lastKnownFileType = sourcecode.swift; path = WordCell.swift; sourceTree = "<group>"; };
/* End PBXFileReference section */

/* Begin PBXFrameworksBuildPhase section */
		D3226B1C2898B0F100DA964A /* Frameworks */ = {
			isa = PBXFrameworksBuildPhase;
			buildActionMask = 2147483647;
			files = (
			);
			runOnlyForDeploymentPostprocessing = 0;
		};
/* End PBXFrameworksBuildPhase section */

/* Begin PBXGroup section */
		D3226B162898B0F100DA964A = {
			isa = PBXGroup;
			children = (
				D3226B212898B0F100DA964A /* Quiq Dict */,
				D3226B202898B0F100DA964A /* Products */,
			);
			sourceTree = "<group>";
		};
		D3226B202898B0F100DA964A /* Products */ = {
			isa = PBXGroup;
			children = (
				D3226B1F2898B0F100DA964A /* Quiq Dict.app */,
			);
			name = Products;
			sourceTree = "<group>";
		};
		D3226B212898B0F100DA964A /* Quiq Dict */ = {
			isa = PBXGroup;
			children = (
				D3226B222898B0F100DA964A /* AppDelegate.swift */,
				D3226B242898B0F100DA964A /* SceneDelegate.swift */,
				D3226B3B2898B42A00DA964A /* Utils */,
				D3226B382898B18400DA964A /* Models */,
				D34EBDAE28995FE900B41361 /* ViewModels */,
				D3892E712899F2FA00F35B14 /* Views */,
				D3892E6E2899F2DE00F35B14 /* ViewControllers */,
				D34EBDA728995D2700B41361 /* Networking */,
				D3226B2B2898B0F300DA964A /* Assets.xcassets */,
				D3226B2D2898B0F300DA964A /* LaunchScreen.storyboard */,
				D3226B302898B0F300DA964A /* Info.plist */,
			);
			path = "Quiq Dict";
			sourceTree = "<group>";
		};
		D3226B382898B18400DA964A /* Models */ = {
			isa = PBXGroup;
			children = (
				D3226B362898B16D00DA964A /* Word.swift */,
			);
			path = Models;
			sourceTree = "<group>";
		};
		D3226B3B2898B42A00DA964A /* Utils */ = {
			isa = PBXGroup;
			children = (
				D3226B392898B42600DA964A /* DispatchQueue+mainAsyncIfNeeded.swift */,
				D3226B3C2898B44600DA964A /* UIViewController+ShowError.swift */,
			);
			path = Utils;
			sourceTree = "<group>";
		};
		D34EBDA728995D2700B41361 /* Networking */ = {
			isa = PBXGroup;
			children = (
				D34EBDB3289963EA00B41361 /* WordsService */,
				D34EBDA828995E5200B41361 /* NetworkError.swift */,
				D34EBDB62899696E00B41361 /* WordAPI */,
			);
			path = Networking;
			sourceTree = "<group>";
		};
		D34EBDAE28995FE900B41361 /* ViewModels */ = {
			isa = PBXGroup;
			children = (
				D34EBDAC28995EA700B41361 /* WordViewModel.swift */,
			);
			path = ViewModels;
			sourceTree = "<group>";
		};
		D34EBDB3289963EA00B41361 /* WordsService */ = {
			isa = PBXGroup;
			children = (
				D34EBDAF2899617C00B41361 /* WordsService.swift */,
			);
			path = WordsService;
			sourceTree = "<group>";
		};
		D34EBDB62899696E00B41361 /* WordAPI */ = {
			isa = PBXGroup;
			children = (
				D3226B3E2898B73600DA964A /* WordAPI.swift */,
				D34EBDB1289962DD00B41361 /* WordAPIWordsServiceAdapter.swift */,
			);
			path = WordAPI;
			sourceTree = "<group>";
		};
		D3892E6E2899F2DE00F35B14 /* ViewControllers */ = {
			isa = PBXGroup;
			children = (
				D3226B262898B0F100DA964A /* WordListViewController.swift */,
			);
			path = ViewControllers;
			sourceTree = "<group>";
		};
		D3892E712899F2FA00F35B14 /* Views */ = {
			isa = PBXGroup;
			children = (
				D3892E6F2899F2F000F35B14 /* WordCell.swift */,
			);
			path = Views;
			sourceTree = "<group>";
		};
/* End PBXGroup section */

/* Begin PBXNativeTarget section */
		D3226B1E2898B0F100DA964A /* Quiq Dict */ = {
			isa = PBXNativeTarget;
			buildConfigurationList = D3226B332898B0F300DA964A /* Build configuration list for PBXNativeTarget "Quiq Dict" */;
			buildPhases = (
				D3226B1B2898B0F100DA964A /* Sources */,
				D3226B1C2898B0F100DA964A /* Frameworks */,
				D3226B1D2898B0F100DA964A /* Resources */,
			);
			buildRules = (
			);
			dependencies = (
			);
			name = "Quiq Dict";
			productName = "Quiq Dict";
			productReference = D3226B1F2898B0F100DA964A /* Quiq Dict.app */;
			productType = "com.apple.product-type.application";
		};
/* End PBXNativeTarget section */

/* Begin PBXProject section */
		D3226B172898B0F100DA964A /* Project object */ = {
			isa = PBXProject;
			attributes = {
				BuildIndependentTargetsInParallel = 1;
				LastSwiftUpdateCheck = 1340;
				LastUpgradeCheck = 1340;
				TargetAttributes = {
					D3226B1E2898B0F100DA964A = {
						CreatedOnToolsVersion = 13.4.1;
					};
				};
			};
			buildConfigurationList = D3226B1A2898B0F100DA964A /* Build configuration list for PBXProject "Quiq Dict" */;
			compatibilityVersion = "Xcode 13.0";
			developmentRegion = en;
			hasScannedForEncodings = 0;
			knownRegions = (
				en,
				Base,
			);
			mainGroup = D3226B162898B0F100DA964A;
			productRefGroup = D3226B202898B0F100DA964A /* Products */;
			projectDirPath = "";
			projectRoot = "";
			targets = (
				D3226B1E2898B0F100DA964A /* Quiq Dict */,
			);
		};
/* End PBXProject section */

/* Begin PBXResourcesBuildPhase section */
		D3226B1D2898B0F100DA964A /* Resources */ = {
			isa = PBXResourcesBuildPhase;
			buildActionMask = 2147483647;
			files = (
				D3226B2F2898B0F300DA964A /* LaunchScreen.storyboard in Resources */,
				D3226B2C2898B0F300DA964A /* Assets.xcassets in Resources */,
			);
			runOnlyForDeploymentPostprocessing = 0;
		};
/* End PBXResourcesBuildPhase section */

/* Begin PBXSourcesBuildPhase section */
		D3226B1B2898B0F100DA964A /* Sources */ = {
			isa = PBXSourcesBuildPhase;
			buildActionMask = 2147483647;
			files = (
				D3226B3D2898B44600DA964A /* UIViewController+ShowError.swift in Sources */,
				D3226B3F2898B73600DA964A /* WordAPI.swift in Sources */,
				D34EBDB2289962DD00B41361 /* WordAPIWordsServiceAdapter.swift in Sources */,
				D3226B272898B0F100DA964A /* WordListViewController.swift in Sources */,
				D3226B372898B16D00DA964A /* Word.swift in Sources */,
				D3226B232898B0F100DA964A /* AppDelegate.swift in Sources */,
				D34EBDAD28995EA700B41361 /* WordViewModel.swift in Sources */,
				D34EBDB02899617C00B41361 /* WordsService.swift in Sources */,
				D34EBDA928995E5200B41361 /* NetworkError.swift in Sources */,
				D3226B252898B0F100DA964A /* SceneDelegate.swift in Sources */,
				D3226B3A2898B42600DA964A /* DispatchQueue+mainAsyncIfNeeded.swift in Sources */,
				D3892E702899F2F000F35B14 /* WordCell.swift in Sources */,
			);
			runOnlyForDeploymentPostprocessing = 0;
		};
/* End PBXSourcesBuildPhase section */

/* Begin PBXVariantGroup section */
		D3226B2D2898B0F300DA964A /* LaunchScreen.storyboard */ = {
			isa = PBXVariantGroup;
			children = (
				D3226B2E2898B0F300DA964A /* Base */,
			);
			name = LaunchScreen.storyboard;
			sourceTree = "<group>";
		};
/* End PBXVariantGroup section */

/* Begin XCBuildConfiguration section */
		D3226B312898B0F300DA964A /* Debug */ = {
			isa = XCBuildConfiguration;
			buildSettings = {
				ALWAYS_SEARCH_USER_PATHS = NO;
				CLANG_ANALYZER_NONNULL = YES;
				CLANG_ANALYZER_NUMBER_OBJECT_CONVERSION = YES_AGGRESSIVE;
				CLANG_CXX_LANGUAGE_STANDARD = "gnu++17";
				CLANG_ENABLE_MODULES = YES;
				CLANG_ENABLE_OBJC_ARC = YES;
				CLANG_ENABLE_OBJC_WEAK = YES;
				CLANG_WARN_BLOCK_CAPTURE_AUTORELEASING = YES;
				CLANG_WARN_BOOL_CONVERSION = YES;
				CLANG_WARN_COMMA = YES;
				CLANG_WARN_CONSTANT_CONVERSION = YES;
				CLANG_WARN_DEPRECATED_OBJC_IMPLEMENTATIONS = YES;
				CLANG_WARN_DIRECT_OBJC_ISA_USAGE = YES_ERROR;
				CLANG_WARN_DOCUMENTATION_COMMENTS = YES;
				CLANG_WARN_EMPTY_BODY = YES;
				CLANG_WARN_ENUM_CONVERSION = YES;
				CLANG_WARN_INFINITE_RECURSION = YES;
				CLANG_WARN_INT_CONVERSION = YES;
				CLANG_WARN_NON_LITERAL_NULL_CONVERSION = YES;
				CLANG_WARN_OBJC_IMPLICIT_RETAIN_SELF = YES;
				CLANG_WARN_OBJC_LITERAL_CONVERSION = YES;
				CLANG_WARN_OBJC_ROOT_CLASS = YES_ERROR;
				CLANG_WARN_QUOTED_INCLUDE_IN_FRAMEWORK_HEADER = YES;
				CLANG_WARN_RANGE_LOOP_ANALYSIS = YES;
				CLANG_WARN_STRICT_PROTOTYPES = YES;
				CLANG_WARN_SUSPICIOUS_MOVE = YES;
				CLANG_WARN_UNGUARDED_AVAILABILITY = YES_AGGRESSIVE;
				CLANG_WARN_UNREACHABLE_CODE = YES;
				CLANG_WARN__DUPLICATE_METHOD_MATCH = YES;
				COPY_PHASE_STRIP = NO;
				DEBUG_INFORMATION_FORMAT = dwarf;
				ENABLE_STRICT_OBJC_MSGSEND = YES;
				ENABLE_TESTABILITY = YES;
				GCC_C_LANGUAGE_STANDARD = gnu11;
				GCC_DYNAMIC_NO_PIC = NO;
				GCC_NO_COMMON_BLOCKS = YES;
				GCC_OPTIMIZATION_LEVEL = 0;
				GCC_PREPROCESSOR_DEFINITIONS = (
					"DEBUG=1",
					"$(inherited)",
				);
				GCC_WARN_64_TO_32_BIT_CONVERSION = YES;
				GCC_WARN_ABOUT_RETURN_TYPE = YES_ERROR;
				GCC_WARN_UNDECLARED_SELECTOR = YES;
				GCC_WARN_UNINITIALIZED_AUTOS = YES_AGGRESSIVE;
				GCC_WARN_UNUSED_FUNCTION = YES;
				GCC_WARN_UNUSED_VARIABLE = YES;
				IPHONEOS_DEPLOYMENT_TARGET = 13.0;
				MTL_ENABLE_DEBUG_INFO = INCLUDE_SOURCE;
				MTL_FAST_MATH = YES;
				ONLY_ACTIVE_ARCH = YES;
				SDKROOT = iphoneos;
				SWIFT_ACTIVE_COMPILATION_CONDITIONS = DEBUG;
				SWIFT_OPTIMIZATION_LEVEL = "-Onone";
			};
			name = Debug;
		};
		D3226B322898B0F300DA964A /* Release */ = {
			isa = XCBuildConfiguration;
			buildSettings = {
				ALWAYS_SEARCH_USER_PATHS = NO;
				CLANG_ANALYZER_NONNULL = YES;
				CLANG_ANALYZER_NUMBER_OBJECT_CONVERSION = YES_AGGRESSIVE;
				CLANG_CXX_LANGUAGE_STANDARD = "gnu++17";
				CLANG_ENABLE_MODULES = YES;
				CLANG_ENABLE_OBJC_ARC = YES;
				CLANG_ENABLE_OBJC_WEAK = YES;
				CLANG_WARN_BLOCK_CAPTURE_AUTORELEASING = YES;
				CLANG_WARN_BOOL_CONVERSION = YES;
				CLANG_WARN_COMMA = YES;
				CLANG_WARN_CONSTANT_CONVERSION = YES;
				CLANG_WARN_DEPRECATED_OBJC_IMPLEMENTATIONS = YES;
				CLANG_WARN_DIRECT_OBJC_ISA_USAGE = YES_ERROR;
				CLANG_WARN_DOCUMENTATION_COMMENTS = YES;
				CLANG_WARN_EMPTY_BODY = YES;
				CLANG_WARN_ENUM_CONVERSION = YES;
				CLANG_WARN_INFINITE_RECURSION = YES;
				CLANG_WARN_INT_CONVERSION = YES;
				CLANG_WARN_NON_LITERAL_NULL_CONVERSION = YES;
				CLANG_WARN_OBJC_IMPLICIT_RETAIN_SELF = YES;
				CLANG_WARN_OBJC_LITERAL_CONVERSION = YES;
				CLANG_WARN_OBJC_ROOT_CLASS = YES_ERROR;
				CLANG_WARN_QUOTED_INCLUDE_IN_FRAMEWORK_HEADER = YES;
				CLANG_WARN_RANGE_LOOP_ANALYSIS = YES;
				CLANG_WARN_STRICT_PROTOTYPES = YES;
				CLANG_WARN_SUSPICIOUS_MOVE = YES;
				CLANG_WARN_UNGUARDED_AVAILABILITY = YES_AGGRESSIVE;
				CLANG_WARN_UNREACHABLE_CODE = YES;
				CLANG_WARN__DUPLICATE_METHOD_MATCH = YES;
				COPY_PHASE_STRIP = NO;
				DEBUG_INFORMATION_FORMAT = "dwarf-with-dsym";
				ENABLE_NS_ASSERTIONS = NO;
				ENABLE_STRICT_OBJC_MSGSEND = YES;
				GCC_C_LANGUAGE_STANDARD = gnu11;
				GCC_NO_COMMON_BLOCKS = YES;
				GCC_WARN_64_TO_32_BIT_CONVERSION = YES;
				GCC_WARN_ABOUT_RETURN_TYPE = YES_ERROR;
				GCC_WARN_UNDECLARED_SELECTOR = YES;
				GCC_WARN_UNINITIALIZED_AUTOS = YES_AGGRESSIVE;
				GCC_WARN_UNUSED_FUNCTION = YES;
				GCC_WARN_UNUSED_VARIABLE = YES;
				IPHONEOS_DEPLOYMENT_TARGET = 13.0;
				MTL_ENABLE_DEBUG_INFO = NO;
				MTL_FAST_MATH = YES;
				SDKROOT = iphoneos;
				SWIFT_COMPILATION_MODE = wholemodule;
				SWIFT_OPTIMIZATION_LEVEL = "-O";
				VALIDATE_PRODUCT = YES;
			};
			name = Release;
		};
		D3226B342898B0F300DA964A /* Debug */ = {
			isa = XCBuildConfiguration;
			buildSettings = {
				ASSETCATALOG_COMPILER_APPICON_NAME = AppIcon;
				ASSETCATALOG_COMPILER_GLOBAL_ACCENT_COLOR_NAME = AccentColor;
				CODE_SIGN_STYLE = Automatic;
				CURRENT_PROJECT_VERSION = 1;
				DEVELOPMENT_TEAM = HB73YMFXYF;
				GENERATE_INFOPLIST_FILE = YES;
				INFOPLIST_FILE = "Quiq Dict/Info.plist";
				INFOPLIST_KEY_UIApplicationSupportsIndirectInputEvents = YES;
				INFOPLIST_KEY_UILaunchStoryboardName = LaunchScreen;
				INFOPLIST_KEY_UISupportedInterfaceOrientations_iPad = "UIInterfaceOrientationPortrait UIInterfaceOrientationPortraitUpsideDown UIInterfaceOrientationLandscapeLeft UIInterfaceOrientationLandscapeRight";
				INFOPLIST_KEY_UISupportedInterfaceOrientations_iPhone = "UIInterfaceOrientationPortrait UIInterfaceOrientationLandscapeLeft UIInterfaceOrientationLandscapeRight";
				IPHONEOS_DEPLOYMENT_TARGET = 13.0;
				LD_RUNPATH_SEARCH_PATHS = (
					"$(inherited)",
					"@executable_path/Frameworks",
				);
				MARKETING_VERSION = 1.0;
				PRODUCT_BUNDLE_IDENTIFIER = "com.YSBoomOfficial.Quiq-Dict";
				PRODUCT_NAME = "$(TARGET_NAME)";
				SWIFT_EMIT_LOC_STRINGS = YES;
				SWIFT_VERSION = 5.0;
				TARGETED_DEVICE_FAMILY = "1,2";
			};
			name = Debug;
		};
		D3226B352898B0F300DA964A /* Release */ = {
			isa = XCBuildConfiguration;
			buildSettings = {
				ASSETCATALOG_COMPILER_APPICON_NAME = AppIcon;
				ASSETCATALOG_COMPILER_GLOBAL_ACCENT_COLOR_NAME = AccentColor;
				CODE_SIGN_STYLE = Automatic;
				CURRENT_PROJECT_VERSION = 1;
				DEVELOPMENT_TEAM = HB73YMFXYF;
				GENERATE_INFOPLIST_FILE = YES;
				INFOPLIST_FILE = "Quiq Dict/Info.plist";
				INFOPLIST_KEY_UIApplicationSupportsIndirectInputEvents = YES;
				INFOPLIST_KEY_UILaunchStoryboardName = LaunchScreen;
				INFOPLIST_KEY_UISupportedInterfaceOrientations_iPad = "UIInterfaceOrientationPortrait UIInterfaceOrientationPortraitUpsideDown UIInterfaceOrientationLandscapeLeft UIInterfaceOrientationLandscapeRight";
				INFOPLIST_KEY_UISupportedInterfaceOrientations_iPhone = "UIInterfaceOrientationPortrait UIInterfaceOrientationLandscapeLeft UIInterfaceOrientationLandscapeRight";
				IPHONEOS_DEPLOYMENT_TARGET = 13.0;
				LD_RUNPATH_SEARCH_PATHS = (
					"$(inherited)",
					"@executable_path/Frameworks",
				);
				MARKETING_VERSION = 1.0;
				PRODUCT_BUNDLE_IDENTIFIER = "com.YSBoomOfficial.Quiq-Dict";
				PRODUCT_NAME = "$(TARGET_NAME)";
				SWIFT_EMIT_LOC_STRINGS = YES;
				SWIFT_VERSION = 5.0;
				TARGETED_DEVICE_FAMILY = "1,2";
			};
			name = Release;
		};
/* End XCBuildConfiguration section */

/* Begin XCConfigurationList section */
		D3226B1A2898B0F100DA964A /* Build configuration list for PBXProject "Quiq Dict" */ = {
			isa = XCConfigurationList;
			buildConfigurations = (
				D3226B312898B0F300DA964A /* Debug */,
				D3226B322898B0F300DA964A /* Release */,
			);
			defaultConfigurationIsVisible = 0;
			defaultConfigurationName = Release;
		};
		D3226B332898B0F300DA964A /* Build configuration list for PBXNativeTarget "Quiq Dict" */ = {
			isa = XCConfigurationList;
			buildConfigurations = (
				D3226B342898B0F300DA964A /* Debug */,
				D3226B352898B0F300DA964A /* Release */,
			);
			defaultConfigurationIsVisible = 0;
			defaultConfigurationName = Release;
		};
/* End XCConfigurationList section */
	};
	rootObject = D3226B172898B0F100DA964A /* Project object */;
}
